
Microsoft Visual Studio Solution File, Format Version 12.00
# Visual Studio Version 17
VisualStudioVersion = 17.4.33122.133
MinimumVisualStudioVersion = 10.0.40219.1
Project("{FAE04EC0-301F-11D3-BF4B-00C04F79EFBC}") = "Rss_News_Test", "Rss_News_Test\Rss_News_Test.csproj", "{DCBC92F2-D1A3-42AF-B66D-04E321A6CF66}"
EndProject
Global
	GlobalSection(SolutionConfigurationPlatforms) = preSolution
		Debug|Any CPU = Debug|Any CPU
		Release|Any CPU = Release|Any CPU
	EndGlobalSection
	GlobalSection(ProjectConfigurationPlatforms) = postSolution
		{DCBC92F2-D1A3-42AF-B66D-04E321A6CF66}.Debug|Any CPU.ActiveCfg = Debug|Any CPU
		{DCBC92F2-D1A3-42AF-B66D-04E321A6CF66}.Debug|Any CPU.Build.0 = Debug|Any CPU
		{DCBC92F2-D1A3-42AF-B66D-04E321A6CF66}.Release|Any CPU.ActiveCfg = Release|Any CPU
		{DCBC92F2-D1A3-42AF-B66D-04E321A6CF66}.Release|Any CPU.Build.0 = Release|Any CPU
	EndGlobalSection
	GlobalSection(SolutionProperties) = preSolution
		HideSolutionNode = FALSE
	EndGlobalSection
	GlobalSection(ExtensibilityGlobals) = postSolution
		SolutionGuid = {523C5FD7-F05D-49B7-9807-8AC21CF069F9}
	EndGlobalSection
EndGlobal
